lockfileVersion: '9.0'

settings:
  autoInstallPeers: true
  excludeLinksFromLockfile: false

importers:

  .:
    dependencies:
      '@pixi/layout':
        specifier: ^2.0.1
        version: 2.0.1(pixi.js@8.5.2)
      '@pixi/ui':
        specifier: ^2.1.5
        version: 2.1.5(pixi.js@8.5.2)
      audio-decode:
        specifier: ^2.2.2
        version: 2.2.2
      pixi.js:
        specifier: ^8.5.2
        version: 8.5.2
    devDependencies:
      '@types/node':
        specifier: ^22.9.0
        version: 22.9.0
      typescript:
        specifier: ~5.6.2
        version: 5.6.3
      vite:
        specifier: ^5.4.10
        version: 5.4.10(@types/node@22.9.0)
      vite-plugin-chunk-split:
        specifier: ^0.5.0
        version: 0.5.0(vite@5.4.10(@types/node@22.9.0))

packages:

  '@esbuild/aix-ppc64@0.21.5':
    resolution: {integrity: sha512-1SDgH6ZSPTlggy1yI6+Dbkiz8xzpHJEVAlF/AM1tHPLsf5STom9rwtjE4hKAF20FfXXNTFqEYXyJNWh1GiZedQ==}
    engines: {node: '>=12'}
    cpu: [ppc64]
    os: [aix]

  '@esbuild/android-arm64@0.21.5':
    resolution: {integrity: sha512-c0uX9VAUBQ7dTDCjq+wdyGLowMdtR/GoC2U5IYk/7D1H1JYC0qseD7+11iMP2mRLN9RcCMRcjC4YMclCzGwS/A==}
    engines: {node: '>=12'}
    cpu: [arm64]
    os: [android]

  '@esbuild/android-arm@0.21.5':
    resolution: {integrity: sha512-vCPvzSjpPHEi1siZdlvAlsPxXl7WbOVUBBAowWug4rJHb68Ox8KualB+1ocNvT5fjv6wpkX6o/iEpbDrf68zcg==}
    engines: {node: '>=12'}
    cpu: [arm]
    os: [android]

  '@esbuild/android-x64@0.21.5':
    resolution: {integrity: sha512-D7aPRUUNHRBwHxzxRvp856rjUHRFW1SdQATKXH2hqA0kAZb1hKmi02OpYRacl0TxIGz/ZmXWlbZgjwWYaCakTA==}
    engines: {node: '>=12'}
    cpu: [x64]
    os: [android]

  '@esbuild/darwin-arm64@0.21.5':
    resolution: {integrity: sha512-DwqXqZyuk5AiWWf3UfLiRDJ5EDd49zg6O9wclZ7kUMv2WRFr4HKjXp/5t8JZ11QbQfUS6/cRCKGwYhtNAY88kQ==}
    engines: {node: '>=12'}
    cpu: [arm64]
    os: [darwin]

  '@esbuild/darwin-x64@0.21.5':
    resolution: {integrity: sha512-se/JjF8NlmKVG4kNIuyWMV/22ZaerB+qaSi5MdrXtd6R08kvs2qCN4C09miupktDitvh8jRFflwGFBQcxZRjbw==}
    engines: {node: '>=12'}
    cpu: [x64]
    os: [darwin]

  '@esbuild/freebsd-arm64@0.21.5':
    resolution: {integrity: sha512-5JcRxxRDUJLX8JXp/wcBCy3pENnCgBR9bN6JsY4OmhfUtIHe3ZW0mawA7+RDAcMLrMIZaf03NlQiX9DGyB8h4g==}
    engines: {node: '>=12'}
    cpu: [arm64]
    os: [freebsd]

  '@esbuild/freebsd-x64@0.21.5':
    resolution: {integrity: sha512-J95kNBj1zkbMXtHVH29bBriQygMXqoVQOQYA+ISs0/2l3T9/kj42ow2mpqerRBxDJnmkUDCaQT/dfNXWX/ZZCQ==}
    engines: {node: '>=12'}
    cpu: [x64]
    os: [freebsd]

  '@esbuild/linux-arm64@0.21.5':
    resolution: {integrity: sha512-ibKvmyYzKsBeX8d8I7MH/TMfWDXBF3db4qM6sy+7re0YXya+K1cem3on9XgdT2EQGMu4hQyZhan7TeQ8XkGp4Q==}
    engines: {node: '>=12'}
    cpu: [arm64]
    os: [linux]

  '@esbuild/linux-arm@0.21.5':
    resolution: {integrity: sha512-bPb5AHZtbeNGjCKVZ9UGqGwo8EUu4cLq68E95A53KlxAPRmUyYv2D6F0uUI65XisGOL1hBP5mTronbgo+0bFcA==}
    engines: {node: '>=12'}
    cpu: [arm]
    os: [linux]

  '@esbuild/linux-ia32@0.21.5':
    resolution: {integrity: sha512-YvjXDqLRqPDl2dvRODYmmhz4rPeVKYvppfGYKSNGdyZkA01046pLWyRKKI3ax8fbJoK5QbxblURkwK/MWY18Tg==}
    engines: {node: '>=12'}
    cpu: [ia32]
    os: [linux]

  '@esbuild/linux-loong64@0.21.5':
    resolution: {integrity: sha512-uHf1BmMG8qEvzdrzAqg2SIG/02+4/DHB6a9Kbya0XDvwDEKCoC8ZRWI5JJvNdUjtciBGFQ5PuBlpEOXQj+JQSg==}
    engines: {node: '>=12'}
    cpu: [loong64]
    os: [linux]

  '@esbuild/linux-mips64el@0.21.5':
    resolution: {integrity: sha512-IajOmO+KJK23bj52dFSNCMsz1QP1DqM6cwLUv3W1QwyxkyIWecfafnI555fvSGqEKwjMXVLokcV5ygHW5b3Jbg==}
    engines: {node: '>=12'}
    cpu: [mips64el]
    os: [linux]

  '@esbuild/linux-ppc64@0.21.5':
    resolution: {integrity: sha512-1hHV/Z4OEfMwpLO8rp7CvlhBDnjsC3CttJXIhBi+5Aj5r+MBvy4egg7wCbe//hSsT+RvDAG7s81tAvpL2XAE4w==}
    engines: {node: '>=12'}
    cpu: [ppc64]
    os: [linux]

  '@esbuild/linux-riscv64@0.21.5':
    resolution: {integrity: sha512-2HdXDMd9GMgTGrPWnJzP2ALSokE/0O5HhTUvWIbD3YdjME8JwvSCnNGBnTThKGEB91OZhzrJ4qIIxk/SBmyDDA==}
    engines: {node: '>=12'}
    cpu: [riscv64]
    os: [linux]

  '@esbuild/linux-s390x@0.21.5':
    resolution: {integrity: sha512-zus5sxzqBJD3eXxwvjN1yQkRepANgxE9lgOW2qLnmr8ikMTphkjgXu1HR01K4FJg8h1kEEDAqDcZQtbrRnB41A==}
    engines: {node: '>=12'}
    cpu: [s390x]
    os: [linux]

  '@esbuild/linux-x64@0.21.5':
    resolution: {integrity: sha512-1rYdTpyv03iycF1+BhzrzQJCdOuAOtaqHTWJZCWvijKD2N5Xu0TtVC8/+1faWqcP9iBCWOmjmhoH94dH82BxPQ==}
    engines: {node: '>=12'}
    cpu: [x64]
    os: [linux]

  '@esbuild/netbsd-x64@0.21.5':
    resolution: {integrity: sha512-Woi2MXzXjMULccIwMnLciyZH4nCIMpWQAs049KEeMvOcNADVxo0UBIQPfSmxB3CWKedngg7sWZdLvLczpe0tLg==}
    engines: {node: '>=12'}
    cpu: [x64]
    os: [netbsd]

  '@esbuild/openbsd-x64@0.21.5':
    resolution: {integrity: sha512-HLNNw99xsvx12lFBUwoT8EVCsSvRNDVxNpjZ7bPn947b8gJPzeHWyNVhFsaerc0n3TsbOINvRP2byTZ5LKezow==}
    engines: {node: '>=12'}
    cpu: [x64]
    os: [openbsd]

  '@esbuild/sunos-x64@0.21.5':
    resolution: {integrity: sha512-6+gjmFpfy0BHU5Tpptkuh8+uw3mnrvgs+dSPQXQOv3ekbordwnzTVEb4qnIvQcYXq6gzkyTnoZ9dZG+D4garKg==}
    engines: {node: '>=12'}
    cpu: [x64]
    os: [sunos]

  '@esbuild/win32-arm64@0.21.5':
    resolution: {integrity: sha512-Z0gOTd75VvXqyq7nsl93zwahcTROgqvuAcYDUr+vOv8uHhNSKROyU961kgtCD1e95IqPKSQKH7tBTslnS3tA8A==}
    engines: {node: '>=12'}
    cpu: [arm64]
    os: [win32]

  '@esbuild/win32-ia32@0.21.5':
    resolution: {integrity: sha512-SWXFF1CL2RVNMaVs+BBClwtfZSvDgtL//G/smwAc5oVK/UPu2Gu9tIaRgFmYFFKrmg3SyAjSrElf0TiJ1v8fYA==}
    engines: {node: '>=12'}
    cpu: [ia32]
    os: [win32]

  '@esbuild/win32-x64@0.21.5':
    resolution: {integrity: sha512-tQd/1efJuzPC6rCFwEvLtci/xNFcTZknmXs98FYDfGE4wP9ClFV98nyKrzJKVPMhdDnjzLhdUyMX4PsQAPjwIw==}
    engines: {node: '>=12'}
    cpu: [x64]
    os: [win32]

  '@eshaz/web-worker@1.2.2':
    resolution: {integrity: sha512-WxXiHFmD9u/owrzempiDlBB1ZYqiLnm9s6aPc8AlFQalq2tKmqdmMr9GXOupDgzXtqnBipj8Un0gkIm7Sjf8mw==}

  '@jridgewell/sourcemap-codec@1.5.0':
    resolution: {integrity: sha512-gv3ZRaISU3fjPAgNsriBRqGWQL6quFx04YMPW/zD8XMLsU32mhCCbfbO6KZFLjvYpCZ8zyDEgqsgf+PwPaM7GQ==}

  '@pixi/colord@2.9.6':
    resolution: {integrity: sha512-nezytU2pw587fQstUu1AsJZDVEynjskwOL+kibwcdxsMBFqPsFFNA7xl0ii/gXuDi6M0xj3mfRJj8pBSc2jCfA==}

  '@pixi/layout@2.0.1':
    resolution: {integrity: sha512-xQj/w44FKLaRn71iEQACxRTYgEVU4c8SXTJKcSIDm/uXgKm3JKRylEOpQ9u6x3gWIFeV5d3gx/oHBJHdZhqAoQ==}
    peerDependencies:
      pixi.js: ^8.0.4

  '@pixi/ui@2.1.5':
    resolution: {integrity: sha512-hdraQYreymjYjWiUu/L4uQIl6VaPcREyvjB64mZpTB44SQ0WmcpiZtw4HyGvM48JRMlkQb12CiFyvxFKI8uC1Q==}
    peerDependencies:
      pixi.js: ^8.0.2

  '@rollup/rollup-android-arm-eabi@4.25.0':
    resolution: {integrity: sha512-CC/ZqFZwlAIbU1wUPisHyV/XRc5RydFrNLtgl3dGYskdwPZdt4HERtKm50a/+DtTlKeCq9IXFEWR+P6blwjqBA==}
    cpu: [arm]
    os: [android]

  '@rollup/rollup-android-arm64@4.25.0':
    resolution: {integrity: sha512-/Y76tmLGUJqVBXXCfVS8Q8FJqYGhgH4wl4qTA24E9v/IJM0XvJCGQVSW1QZ4J+VURO9h8YCa28sTFacZXwK7Rg==}
    cpu: [arm64]
    os: [android]

  '@rollup/rollup-darwin-arm64@4.25.0':
    resolution: {integrity: sha512-YVT6L3UrKTlC0FpCZd0MGA7NVdp7YNaEqkENbWQ7AOVOqd/7VzyHpgIpc1mIaxRAo1ZsJRH45fq8j4N63I/vvg==}
    cpu: [arm64]
    os: [darwin]

  '@rollup/rollup-darwin-x64@4.25.0':
    resolution: {integrity: sha512-ZRL+gexs3+ZmmWmGKEU43Bdn67kWnMeWXLFhcVv5Un8FQcx38yulHBA7XR2+KQdYIOtD0yZDWBCudmfj6lQJoA==}
    cpu: [x64]
    os: [darwin]

  '@rollup/rollup-freebsd-arm64@4.25.0':
    resolution: {integrity: sha512-xpEIXhiP27EAylEpreCozozsxWQ2TJbOLSivGfXhU4G1TBVEYtUPi2pOZBnvGXHyOdLAUUhPnJzH3ah5cqF01g==}
    cpu: [arm64]
    os: [freebsd]

  '@rollup/rollup-freebsd-x64@4.25.0':
    resolution: {integrity: sha512-sC5FsmZGlJv5dOcURrsnIK7ngc3Kirnx3as2XU9uER+zjfyqIjdcMVgzy4cOawhsssqzoAX19qmxgJ8a14Qrqw==}
    cpu: [x64]
    os: [freebsd]

  '@rollup/rollup-linux-arm-gnueabihf@4.25.0':
    resolution: {integrity: sha512-uD/dbLSs1BEPzg564TpRAQ/YvTnCds2XxyOndAO8nJhaQcqQGFgv/DAVko/ZHap3boCvxnzYMa3mTkV/B/3SWA==}
    cpu: [arm]
    os: [linux]

  '@rollup/rollup-linux-arm-musleabihf@4.25.0':
    resolution: {integrity: sha512-ZVt/XkrDlQWegDWrwyC3l0OfAF7yeJUF4fq5RMS07YM72BlSfn2fQQ6lPyBNjt+YbczMguPiJoCfaQC2dnflpQ==}
    cpu: [arm]
    os: [linux]

  '@rollup/rollup-linux-arm64-gnu@4.25.0':
    resolution: {integrity: sha512-qboZ+T0gHAW2kkSDPHxu7quaFaaBlynODXpBVnPxUgvWYaE84xgCKAPEYE+fSMd3Zv5PyFZR+L0tCdYCMAtG0A==}
    cpu: [arm64]
    os: [linux]

  '@rollup/rollup-linux-arm64-musl@4.25.0':
    resolution: {integrity: sha512-ndWTSEmAaKr88dBuogGH2NZaxe7u2rDoArsejNslugHZ+r44NfWiwjzizVS1nUOHo+n1Z6qV3X60rqE/HlISgw==}
    cpu: [arm64]
    os: [linux]

  '@rollup/rollup-linux-powerpc64le-gnu@4.25.0':
    resolution: {integrity: sha512-BVSQvVa2v5hKwJSy6X7W1fjDex6yZnNKy3Kx1JGimccHft6HV0THTwNtC2zawtNXKUu+S5CjXslilYdKBAadzA==}
    cpu: [ppc64]
    os: [linux]

  '@rollup/rollup-linux-riscv64-gnu@4.25.0':
    resolution: {integrity: sha512-G4hTREQrIdeV0PE2JruzI+vXdRnaK1pg64hemHq2v5fhv8C7WjVaeXc9P5i4Q5UC06d/L+zA0mszYIKl+wY8oA==}
    cpu: [riscv64]
    os: [linux]

  '@rollup/rollup-linux-s390x-gnu@4.25.0':
    resolution: {integrity: sha512-9T/w0kQ+upxdkFL9zPVB6zy9vWW1deA3g8IauJxojN4bnz5FwSsUAD034KpXIVX5j5p/rn6XqumBMxfRkcHapQ==}
    cpu: [s390x]
    os: [linux]

  '@rollup/rollup-linux-x64-gnu@4.25.0':
    resolution: {integrity: sha512-ThcnU0EcMDn+J4B9LD++OgBYxZusuA7iemIIiz5yzEcFg04VZFzdFjuwPdlURmYPZw+fgVrFzj4CA64jSTG4Ig==}
    cpu: [x64]
    os: [linux]

  '@rollup/rollup-linux-x64-musl@4.25.0':
    resolution: {integrity: sha512-zx71aY2oQxGxAT1JShfhNG79PnjYhMC6voAjzpu/xmMjDnKNf6Nl/xv7YaB/9SIa9jDYf8RBPWEnjcdlhlv1rQ==}
    cpu: [x64]
    os: [linux]

  '@rollup/rollup-win32-arm64-msvc@4.25.0':
    resolution: {integrity: sha512-JT8tcjNocMs4CylWY/CxVLnv8e1lE7ff1fi6kbGocWwxDq9pj30IJ28Peb+Y8yiPNSF28oad42ApJB8oUkwGww==}
    cpu: [arm64]
    os: [win32]

  '@rollup/rollup-win32-ia32-msvc@4.25.0':
    resolution: {integrity: sha512-dRLjLsO3dNOfSN6tjyVlG+Msm4IiZnGkuZ7G5NmpzwF9oOc582FZG05+UdfTbz5Jd4buK/wMb6UeHFhG18+OEg==}
    cpu: [ia32]
    os: [win32]

  '@rollup/rollup-win32-x64-msvc@4.25.0':
    resolution: {integrity: sha512-/RqrIFtLB926frMhZD0a5oDa4eFIbyNEwLLloMTEjmqfwZWXywwVVOVmwTsuyhC9HKkVEZcOOi+KV4U9wmOdlg==}
    cpu: [x64]
    os: [win32]

  '@thi.ng/bitstream@2.4.4':
    resolution: {integrity: sha512-p235LAhQ+SBVi9EtgOj73qqQaMyi+8s3dXrDT3gz09XaO7rdIIYH+VOk/R6R57AvuAr1ZHLHbSDDQNJYsCfWCw==}
    engines: {node: '>=18'}

  '@thi.ng/errors@2.5.18':
    resolution: {integrity: sha512-9/r4yjhpeuQr4lDWOkrXAc57DWKBB9Vl15zBdkYjbIcsqpjw8o/B6Cqqtiw5lR6NQrXdGxrscxXNjphdwQ1m6A==}
    engines: {node: '>=18'}

  '@types/css-font-loading-module@0.0.12':
    resolution: {integrity: sha512-x2tZZYkSxXqWvTDgveSynfjq/T2HyiZHXb00j/+gy19yp70PHCizM48XFdjBCWH7eHBD0R5i/pw9yMBP/BH5uA==}

  '@types/earcut@2.1.4':
    resolution: {integrity: sha512-qp3m9PPz4gULB9MhjGID7wpo3gJ4bTGXm7ltNDsmOvsPduTeHp8wSW9YckBj3mljeOh4F0m2z/0JKAALRKbmLQ==}

  '@types/estree@1.0.6':
    resolution: {integrity: sha512-AYnb1nQyY49te+VRAVgmzfcgjYS91mY5P0TKUDCLEM+gNnA+3T6rWITXRLYCpahpqSQbN5cE+gHpnPyXjHWxcw==}

  '@types/node@22.9.0':
    resolution: {integrity: sha512-vuyHg81vvWA1Z1ELfvLko2c8f34gyA0zaic0+Rllc5lbCnbSyuvb2Oxpm6TAUAC/2xZN3QGqxBNggD1nNR2AfQ==}

  '@wasm-audio-decoders/common@9.0.5':
    resolution: {integrity: sha512-b9JNh9sPAvn8PVIizNh9D60WkfQong/u9ea873H47u7zvVDLctxYIp2aZw9CQqXaQdk7JB3MoU5UHiseO40swg==}

  '@wasm-audio-decoders/flac@0.2.5':
    resolution: {integrity: sha512-8M//CgB3PlkWwn47KcwD0tO6DZBA7/AGG0ukHSG0G97UbNEUNINvKDWAKPVWznzHsqeBP6axw+K/38dzng64JA==}

  '@wasm-audio-decoders/ogg-vorbis@0.1.16':
    resolution: {integrity: sha512-HcEx4LPZbbzjhs9bTXgMaXLVCSMSo/egY9paJxAnE9tsYbvseAaGtVddLYktl3Qi/G+nW/ZzUXg4144izJjqCw==}

  '@webgpu/types@0.1.51':
    resolution: {integrity: sha512-ktR3u64NPjwIViNCck+z9QeyN0iPkQCUOQ07ZCV1RzlkfP+olLTeEZ95O1QHS+v4w9vJeY9xj/uJuSphsHy5rQ==}

  '@xmldom/xmldom@0.8.10':
    resolution: {integrity: sha512-2WALfTl4xo2SkGCYRt6rDTFfk9R1czmBvUQy12gK2KuRKIpWEhcbbzy8EZXtz/jkRqHX8bFEc6FC1HjX4TUWYw==}
    engines: {node: '>=10.0.0'}

  audio-buffer@5.0.0:
    resolution: {integrity: sha512-gsDyj1wwUp8u7NBB+eW6yhLb9ICf+0eBmDX8NGaAS00w8/fLqFdxUlL5Ge/U8kB64DlQhdonxYC59dXy1J7H/w==}

  audio-decode@2.2.2:
    resolution: {integrity: sha512-xyh7z6dpRT+5Ez4ggV2cEkSShkDvvIBBmVPR3kYY7uIBqRO1BGNjofip6JnjBnvezhrU3ypBGZjepyKFDZWnDw==}

  audio-type@2.2.1:
    resolution: {integrity: sha512-En9AY6EG1qYqEy5L/quryzbA4akBpJrnBZNxeKTqGHC2xT9Qc4aZ8b7CcbOMFTTc/MGdoNyp+SN4zInZNKxMYA==}
    engines: {node: '>=14'}

  codec-parser@2.5.0:
    resolution: {integrity: sha512-Ru9t80fV8B0ZiixQl8xhMTLru+dzuis/KQld32/x5T/+3LwZb0/YvQdSKytX9JqCnRdiupvAvyYJINKrXieziQ==}

  earcut@2.2.4:
    resolution: {integrity: sha512-/pjZsA1b4RPHbeWZQn66SWS8nZZWLQQ23oE3Eam7aroEFGEvwKAsJfZ9ytiEMycfzXWpca4FA9QIOehf7PocBQ==}

  es-module-lexer@1.5.4:
    resolution: {integrity: sha512-MVNK56NiMrOwitFB7cqDwq0CQutbw+0BvLshJSse0MUNU+y1FC3bUS/AQg7oUng+/wKrrki7JfmwtVHkVfPLlw==}

  esbuild@0.21.5:
    resolution: {integrity: sha512-mg3OPMV4hXywwpoDxu3Qda5xCKQi+vCTZq8S9J/EpkhB2HzKXq4SNFZE3+NK93JYxc8VMSep+lOUSC/RVKaBqw==}
    engines: {node: '>=12'}
    hasBin: true

  eventemitter3@5.0.1:
    resolution: {integrity: sha512-GWkBvjiSZK87ELrYOSESUYeVIc9mvLLf/nXalMOS5dYrgZq9o5OVkbZAVM06CVxYsCwH9BDZFPlQTlPA1j4ahA==}

  fsevents@2.3.3:
    resolution: {integrity: sha512-5xoDfX+fL7faATnagmWPpbFtwh/R77WmMMqqHGS65C3vvB0YHrgF+B1YmZ3441tMj5n63k0212XNoJwzlhffQw==}
    engines: {node: ^8.16.0 || ^10.6.0 || >=11.0.0}
    os: [darwin]

  import-meta-resolve@4.1.0:
    resolution: {integrity: sha512-I6fiaX09Xivtk+THaMfAwnA3MVA5Big1WHF1Dfx9hFuvNIWpXnorlkzhcQf6ehrqQiiZECRt1poOAkPmer3ruw==}

  ismobilejs@1.1.1:
    resolution: {integrity: sha512-VaFW53yt8QO61k2WJui0dHf4SlL8lxBofUuUmwBo0ljPk0Drz2TiuDW4jo3wDcv41qy/SxrJ+VAzJ/qYqsmzRw==}

  magic-string@0.30.12:
    resolution: {integrity: sha512-Ea8I3sQMVXr8JhN4z+H/d8zwo+tYDgHE9+5G4Wnrwhs0gaK9fXTKx0Tw5Xwsd/bCPTTZNRAdpyzvoeORe9LYpw==}

  mpg123-decoder@1.0.0:
    resolution: {integrity: sha512-WV+pyuMUhRqv7s8S6p/Ii4KQHdBD1pb3yaABxcKJRsNp+HQ/Y6z2iIBIaOZu0JMHPTOoICYt0REDZ7XfLu+n/g==}

  nanoid@3.3.7:
    resolution: {integrity: sha512-eSRppjcPIatRIMC1U6UngP8XFcz8MQWGQdt1MTBQ7NaAmvXDfvNxbvWV3x2y6CdEUciCSsDHDQZbhYaB8QEo2g==}
    engines: {node: ^10 || ^12 || ^13.7 || ^14 || >=15.0.1}
    hasBin: true

  node-wav@0.0.2:
    resolution: {integrity: sha512-M6Rm/bbG6De/gKGxOpeOobx/dnGuP0dz40adqx38boqHhlWssBJZgLCPBNtb9NkrmnKYiV04xELq+R6PFOnoLA==}
    engines: {node: '>=4.4.0'}

  ogg-opus-decoder@1.6.14:
    resolution: {integrity: sha512-RQpk9yFl/mqXFwcgf1BrEYWL92HZk++aU1fOO8mPZ1+1DUYbJdpdUQEFfbPE1xcBkRGU3p75DjEO+EDMNeikFQ==}

  opus-decoder@0.7.7:
    resolution: {integrity: sha512-KWDyCi/9aXnNN+jrjs+aaVdwiwzDdac81S9ul0iv1CTs4+5K4VDZKuJjIImrYOBA2oSNHDjVq4xzn6BE+XbI1A==}

  parse-svg-path@0.1.2:
    resolution: {integrity: sha512-JyPSBnkTJ0AI8GGJLfMXvKq42cj5c006fnLz6fXy6zfoVjJizi8BNTpu8on8ziI1cKy9d9DGNuY17Ce7wuejpQ==}

  picocolors@1.1.1:
    resolution: {integrity: sha512-xceH2snhtb5M9liqDsmEw56le376mTZkEX/jEb/RxNFyegNul7eNslCXP9FDj/Lcu0X8KEyMceP2ntpaHrDEVA==}

  pixi.js@8.5.2:
    resolution: {integrity: sha512-TOt9g8ifOj4R9DN9ST1M8t2nvnuhr5oWL5YW9ywFLbnOVgFMDcEz+Xek5Mo8Xr64D+QU3qre3IFgreBlsHxTNw==}

  postcss@8.4.47:
    resolution: {integrity: sha512-56rxCq7G/XfB4EkXq9Egn5GCqugWvDFjafDOThIdMBsI15iqPqR5r15TfSr1YPYeEI19YeaXMCbY6u88Y76GLQ==}
    engines: {node: ^10 || ^12 || >=14}

  qoa-format@1.0.1:
    resolution: {integrity: sha512-dMB0Z6XQjdpz/Cw4Rf6RiBpQvUSPCfYlQMWvmuWlWkAT7nDQD29cVZ1SwDUB6DYJSitHENwbt90lqfI+7bvMcw==}

  rollup@4.25.0:
    resolution: {integrity: sha512-uVbClXmR6wvx5R1M3Od4utyLUxrmOcEm3pAtMphn73Apq19PDtHpgZoEvqH2YnnaNUuvKmg2DgRd2Sqv+odyqg==}
    engines: {node: '>=18.0.0', npm: '>=8.0.0'}
    hasBin: true

  simple-yenc@1.0.4:
    resolution: {integrity: sha512-5gvxpSd79e9a3V4QDYUqnqxeD4HGlhCakVpb6gMnDD7lexJggSBJRBO5h52y/iJrdXRilX9UCuDaIJhSWm5OWw==}

  source-map-js@1.2.1:
    resolution: {integrity: sha512-UXWMKhLOwVKb728IUtQPXxfYU+usdybtUrK/8uGE8CQMvrhOpwvzDBwj0QhSL7MQc7vIsISBG8VQ8+IDQxpfQA==}
    engines: {node: '>=0.10.0'}

  tweedle.js@2.1.0:
    resolution: {integrity: sha512-0ReQgVjepoZkE6t0upWNgCRbplHkQJQYk1LStXugwSR728GLFmGDRuaQJlxeC/iBlxud6+P1RdODjaO25vHAqw==}

  typed-signals@2.5.0:
    resolution: {integrity: sha512-m9lHc3eBCJerXYdx+G0uWZihyUXdqTzzgOdqiDDsoUo75WjhFJH6vP5/6w/xhyu04zoxHUqgYhf9FEt85dk/Ng==}

  typescript@5.6.3:
    resolution: {integrity: sha512-hjcS1mhfuyi4WW8IWtjP7brDrG2cuDZukyrYrSauoXGNgx0S7zceP07adYkJycEr56BOUTNPzbInooiN3fn1qw==}
    engines: {node: '>=14.17'}
    hasBin: true

  undici-types@6.19.8:
    resolution: {integrity: sha512-ve2KP6f/JnbPBFyobGHuerC9g1FYGn/F8n1LWTwNxCEzd6IfqTwUQcNXgEtmmQ6DlRrC1hrSrBnCZPokRrDHjw==}

  vite-plugin-chunk-split@0.5.0:
    resolution: {integrity: sha512-pasNKLhH+ICjoCF6HoKKvgmZ1LEPSCIKAa8Lz0ZpMyQC9bLmCLT7UxgKMULewsc9SUw89OX0udsGiIQCtr8wLA==}
    peerDependencies:
      vite: ^4 || ^5

  vite@5.4.10:
    resolution: {integrity: sha512-1hvaPshuPUtxeQ0hsVH3Mud0ZanOLwVTneA1EgbAM5LhaZEqyPWGRQ7BtaMvUrTDeEaC8pxtj6a6jku3x4z6SQ==}
    engines: {node: ^18.0.0 || >=20.0.0}
    hasBin: true
    peerDependencies:
      '@types/node': ^18.0.0 || >=20.0.0
      less: '*'
      lightningcss: ^1.21.0
      sass: '*'
      sass-embedded: '*'
      stylus: '*'
      sugarss: '*'
      terser: ^5.4.0
    peerDependenciesMeta:
      '@types/node':
        optional: true
      less:
        optional: true
      lightningcss:
        optional: true
      sass:
        optional: true
      sass-embedded:
        optional: true
      stylus:
        optional: true
      sugarss:
        optional: true
      terser:
        optional: true

snapshots:

  '@esbuild/aix-ppc64@0.21.5':
    optional: true

  '@esbuild/android-arm64@0.21.5':
    optional: true

  '@esbuild/android-arm@0.21.5':
    optional: true

  '@esbuild/android-x64@0.21.5':
    optional: true

  '@esbuild/darwin-arm64@0.21.5':
    optional: true

  '@esbuild/darwin-x64@0.21.5':
    optional: true

  '@esbuild/freebsd-arm64@0.21.5':
    optional: true

  '@esbuild/freebsd-x64@0.21.5':
    optional: true

  '@esbuild/linux-arm64@0.21.5':
    optional: true

  '@esbuild/linux-arm@0.21.5':
    optional: true

  '@esbuild/linux-ia32@0.21.5':
    optional: true

  '@esbuild/linux-loong64@0.21.5':
    optional: true

  '@esbuild/linux-mips64el@0.21.5':
    optional: true

  '@esbuild/linux-ppc64@0.21.5':
    optional: true

  '@esbuild/linux-riscv64@0.21.5':
    optional: true

  '@esbuild/linux-s390x@0.21.5':
    optional: true

  '@esbuild/linux-x64@0.21.5':
    optional: true

  '@esbuild/netbsd-x64@0.21.5':
    optional: true

  '@esbuild/openbsd-x64@0.21.5':
    optional: true

  '@esbuild/sunos-x64@0.21.5':
    optional: true

  '@esbuild/win32-arm64@0.21.5':
    optional: true

  '@esbuild/win32-ia32@0.21.5':
    optional: true

  '@esbuild/win32-x64@0.21.5':
    optional: true

  '@eshaz/web-worker@1.2.2': {}

  '@jridgewell/sourcemap-codec@1.5.0': {}

  '@pixi/colord@2.9.6': {}

  '@pixi/layout@2.0.1(pixi.js@8.5.2)':
    dependencies:
      pixi.js: 8.5.2

  '@pixi/ui@2.1.5(pixi.js@8.5.2)':
    dependencies:
      pixi.js: 8.5.2
      tweedle.js: 2.1.0
      typed-signals: 2.5.0

  '@rollup/rollup-android-arm-eabi@4.25.0':
    optional: true

  '@rollup/rollup-android-arm64@4.25.0':
    optional: true

  '@rollup/rollup-darwin-arm64@4.25.0':
    optional: true

  '@rollup/rollup-darwin-x64@4.25.0':
    optional: true

  '@rollup/rollup-freebsd-arm64@4.25.0':
    optional: true

  '@rollup/rollup-freebsd-x64@4.25.0':
    optional: true

  '@rollup/rollup-linux-arm-gnueabihf@4.25.0':
    optional: true

  '@rollup/rollup-linux-arm-musleabihf@4.25.0':
    optional: true

  '@rollup/rollup-linux-arm64-gnu@4.25.0':
    optional: true

  '@rollup/rollup-linux-arm64-musl@4.25.0':
    optional: true

  '@rollup/rollup-linux-powerpc64le-gnu@4.25.0':
    optional: true

  '@rollup/rollup-linux-riscv64-gnu@4.25.0':
    optional: true

  '@rollup/rollup-linux-s390x-gnu@4.25.0':
    optional: true

  '@rollup/rollup-linux-x64-gnu@4.25.0':
    optional: true

  '@rollup/rollup-linux-x64-musl@4.25.0':
    optional: true

  '@rollup/rollup-win32-arm64-msvc@4.25.0':
    optional: true

  '@rollup/rollup-win32-ia32-msvc@4.25.0':
    optional: true

  '@rollup/rollup-win32-x64-msvc@4.25.0':
    optional: true

  '@thi.ng/bitstream@2.4.4':
    dependencies:
      '@thi.ng/errors': 2.5.18

  '@thi.ng/errors@2.5.18': {}

  '@types/css-font-loading-module@0.0.12': {}

  '@types/earcut@2.1.4': {}

  '@types/estree@1.0.6': {}

  '@types/node@22.9.0':
    dependencies:
      undici-types: 6.19.8

  '@wasm-audio-decoders/common@9.0.5':
    dependencies:
      '@eshaz/web-worker': 1.2.2
      simple-yenc: 1.0.4

  '@wasm-audio-decoders/flac@0.2.5':
    dependencies:
      '@wasm-audio-decoders/common': 9.0.5
      codec-parser: 2.5.0

  '@wasm-audio-decoders/ogg-vorbis@0.1.16':
    dependencies:
      '@wasm-audio-decoders/common': 9.0.5
      codec-parser: 2.5.0

  '@webgpu/types@0.1.51': {}

  '@xmldom/xmldom@0.8.10': {}

  audio-buffer@5.0.0: {}

  audio-decode@2.2.2:
    dependencies:
      '@wasm-audio-decoders/flac': 0.2.5
      '@wasm-audio-decoders/ogg-vorbis': 0.1.16
      audio-buffer: 5.0.0
      audio-type: 2.2.1
      mpg123-decoder: 1.0.0
      node-wav: 0.0.2
      ogg-opus-decoder: 1.6.14
      qoa-format: 1.0.1

  audio-type@2.2.1: {}

  codec-parser@2.5.0: {}

  earcut@2.2.4: {}

  es-module-lexer@1.5.4: {}

  esbuild@0.21.5:
    optionalDependencies:
      '@esbuild/aix-ppc64': 0.21.5
      '@esbuild/android-arm': 0.21.5
      '@esbuild/android-arm64': 0.21.5
      '@esbuild/android-x64': 0.21.5
      '@esbuild/darwin-arm64': 0.21.5
      '@esbuild/darwin-x64': 0.21.5
      '@esbuild/freebsd-arm64': 0.21.5
      '@esbuild/freebsd-x64': 0.21.5
      '@esbuild/linux-arm': 0.21.5
      '@esbuild/linux-arm64': 0.21.5
      '@esbuild/linux-ia32': 0.21.5
      '@esbuild/linux-loong64': 0.21.5
      '@esbuild/linux-mips64el': 0.21.5
      '@esbuild/linux-ppc64': 0.21.5
      '@esbuild/linux-riscv64': 0.21.5
      '@esbuild/linux-s390x': 0.21.5
      '@esbuild/linux-x64': 0.21.5
      '@esbuild/netbsd-x64': 0.21.5
      '@esbuild/openbsd-x64': 0.21.5
      '@esbuild/sunos-x64': 0.21.5
      '@esbuild/win32-arm64': 0.21.5
      '@esbuild/win32-ia32': 0.21.5
      '@esbuild/win32-x64': 0.21.5

  eventemitter3@5.0.1: {}

  fsevents@2.3.3:
    optional: true

  import-meta-resolve@4.1.0: {}

  ismobilejs@1.1.1: {}

  magic-string@0.30.12:
    dependencies:
      '@jridgewell/sourcemap-codec': 1.5.0

  mpg123-decoder@1.0.0:
    dependencies:
      '@wasm-audio-decoders/common': 9.0.5

  nanoid@3.3.7: {}

  node-wav@0.0.2: {}

  ogg-opus-decoder@1.6.14:
    dependencies:
      '@wasm-audio-decoders/common': 9.0.5
      codec-parser: 2.5.0
      opus-decoder: 0.7.7

  opus-decoder@0.7.7:
    dependencies:
      '@wasm-audio-decoders/common': 9.0.5

  parse-svg-path@0.1.2: {}

  picocolors@1.1.1: {}

  pixi.js@8.5.2:
    dependencies:
      '@pixi/colord': 2.9.6
      '@types/css-font-loading-module': 0.0.12
      '@types/earcut': 2.1.4
      '@webgpu/types': 0.1.51
      '@xmldom/xmldom': 0.8.10
      earcut: 2.2.4
      eventemitter3: 5.0.1
      ismobilejs: 1.1.1
      parse-svg-path: 0.1.2

  postcss@8.4.47:
    dependencies:
      nanoid: 3.3.7
      picocolors: 1.1.1
      source-map-js: 1.2.1

  qoa-format@1.0.1:
    dependencies:
      '@thi.ng/bitstream': 2.4.4

  rollup@4.25.0:
    dependencies:
      '@types/estree': 1.0.6
    optionalDependencies:
      '@rollup/rollup-android-arm-eabi': 4.25.0
      '@rollup/rollup-android-arm64': 4.25.0
      '@rollup/rollup-darwin-arm64': 4.25.0
      '@rollup/rollup-darwin-x64': 4.25.0
      '@rollup/rollup-freebsd-arm64': 4.25.0
      '@rollup/rollup-freebsd-x64': 4.25.0
      '@rollup/rollup-linux-arm-gnueabihf': 4.25.0
      '@rollup/rollup-linux-arm-musleabihf': 4.25.0
      '@rollup/rollup-linux-arm64-gnu': 4.25.0
      '@rollup/rollup-linux-arm64-musl': 4.25.0
      '@rollup/rollup-linux-powerpc64le-gnu': 4.25.0
      '@rollup/rollup-linux-riscv64-gnu': 4.25.0
      '@rollup/rollup-linux-s390x-gnu': 4.25.0
      '@rollup/rollup-linux-x64-gnu': 4.25.0
      '@rollup/rollup-linux-x64-musl': 4.25.0
      '@rollup/rollup-win32-arm64-msvc': 4.25.0
      '@rollup/rollup-win32-ia32-msvc': 4.25.0
      '@rollup/rollup-win32-x64-msvc': 4.25.0
      fsevents: 2.3.3

  simple-yenc@1.0.4: {}

  source-map-js@1.2.1: {}

  tweedle.js@2.1.0: {}

  typed-signals@2.5.0: {}

  typescript@5.6.3: {}

  undici-types@6.19.8: {}

  vite-plugin-chunk-split@0.5.0(vite@5.4.10(@types/node@22.9.0)):
    dependencies:
      es-module-lexer: 1.5.4
      import-meta-resolve: 4.1.0
      magic-string: 0.30.12
      vite: 5.4.10(@types/node@22.9.0)

  vite@5.4.10(@types/node@22.9.0):
    dependencies:
      esbuild: 0.21.5
      postcss: 8.4.47
      rollup: 4.25.0
    optionalDependencies:
      '@types/node': 22.9.0
      fsevents: 2.3.3
